
Microsoft Visual Studio Solution File, Format Version 12.00
# Visual Studio Version 17
VisualStudioVersion = 17.6.33801.468
MinimumVisualStudioVersion = 10.0.40219.1
Project("{FAE04EC0-301F-11D3-BF4B-00C04F79EFBC}") = "src", "src.csproj", "{0B5B1716-534B-4829-9E0E-34FD89528F99}"
EndProject
Global
	GlobalSection(SolutionConfigurationPlatforms) = preSolution
		Debug|Any CPU = Debug|Any CPU
		Release|Any CPU = Release|Any CPU
	EndGlobalSection
	GlobalSection(ProjectConfigurationPlatforms) = postSolution
		{0B5B1716-534B-4829-9E0E-34FD89528F99}.Debug|Any CPU.ActiveCfg = Debug|Any CPU
		{0B5B1716-534B-4829-9E0E-34FD89528F99}.Debug|Any CPU.Build.0 = Debug|Any CPU
		{0B5B1716-534B-4829-9E0E-34FD89528F99}.Release|Any CPU.ActiveCfg = Release|Any CPU
		{0B5B1716-534B-4829-9E0E-34FD89528F99}.Release|Any CPU.Build.0 = Release|Any CPU
	EndGlobalSection
	GlobalSection(SolutionProperties) = preSolution
		HideSolutionNode = FALSE
	EndGlobalSection
	GlobalSection(ExtensibilityGlobals) = postSolution
		SolutionGuid = {5F191D8E-8D1D-4179-9DFB-EC289C2E10D3}
	EndGlobalSection
EndGlobal
